
Microsoft Visual Studio Solution File, Format Version 12.00
# Visual Studio Version 16
VisualStudioVersion = 16.0.30907.101
MinimumVisualStudioVersion = 10.0.40219.1
Project("{778DAE3C-4631-46EA-AA77-85C1314464D9}") = "VB-Gawr_Gura", "VB-Gawr_Gura.vbproj", "{9008D4B7-6375-4F9C-BE6A-401E20508A78}"
EndProject
Project("{2150E333-8FDC-42A3-9474-1A3956D46DE8}") = "Solution Items", "Solution Items", "{0646CA3C-9E88-41AC-BE33-CF7C6AD5085A}"
	ProjectSection(SolutionItems) = preProject
		.editorconfig = .editorconfig
	EndProjectSection
EndProject
Global
	GlobalSection(SolutionConfigurationPlatforms) = preSolution
		Debug|Any CPU = Debug|Any CPU
		Release|Any CPU = Release|Any CPU
	EndGlobalSection
	GlobalSection(ProjectConfigurationPlatforms) = postSolution
		{9008D4B7-6375-4F9C-BE6A-401E20508A78}.Debug|Any CPU.ActiveCfg = Debug|Any CPU
		{9008D4B7-6375-4F9C-BE6A-401E20508A78}.Debug|Any CPU.Build.0 = Debug|Any CPU
		{9008D4B7-6375-4F9C-BE6A-401E20508A78}.Release|Any CPU.ActiveCfg = Release|Any CPU
		{9008D4B7-6375-4F9C-BE6A-401E20508A78}.Release|Any CPU.Build.0 = Release|Any CPU
	EndGlobalSection
	GlobalSection(SolutionProperties) = preSolution
		HideSolutionNode = FALSE
	EndGlobalSection
	GlobalSection(ExtensibilityGlobals) = postSolution
		SolutionGuid = {0D053DC2-D369-46A8-A96D-7B91E95AADDF}
	EndGlobalSection
EndGlobal
